{
  "name": "aardwolf-client",
  "version": "0.0.1",
  "lockfileVersion": 1,
  "requires": true,
  "dependencies": {
    "binary": {
      "version": "0.3.0",
      "resolved": "https://registry.npmjs.org/binary/-/binary-0.3.0.tgz",
      "integrity": "sha1-n2BVO8XOjDOG87VTz/R0Yq3sqnk=",
      "requires": {
        "buffers": "~0.1.1",
        "chainsaw": "~0.1.0"
      }
    },
    "blessed": {
      "version": "0.1.81",
      "resolved": "https://registry.npmjs.org/blessed/-/blessed-0.1.81.tgz",
      "integrity": "sha1-+WLWh+wsNpVwrnGvhDJW5tDKESk="
    },
    "buffers": {
      "version": "0.1.1",
      "resolved": "https://registry.npmjs.org/buffers/-/buffers-0.1.1.tgz",
      "integrity": "sha1-skV5w77U1tOWru5tmorn9Ugqt7s="
    },
    "chainsaw": {
      "version": "0.1.0",
      "resolved": "https://registry.npmjs.org/chainsaw/-/chainsaw-0.1.0.tgz",
      "integrity": "sha1-XqtQsor+WAdNDVgpE4iCi15fvJg=",
      "requires": {
        "traverse": ">=0.3.0 <0.4"
      }
    },
    "debug": {
      "version": "4.2.0",
      "resolved": "https://registry.npmjs.org/debug/-/debug-4.2.0.tgz",
      "integrity": "sha512-IX2ncY78vDTjZMFUdmsvIRFY2Cf4FnD0wRs+nQwJU8Lu99/tPFdb0VybiiMTPe3I6rQmwsqQqRBvxU+bZ/I8sg==",
      "requires": {
        "ms": "2.1.2"
      }
    },
    "ms": {
      "version": "2.1.2",
      "resolved": "https://registry.npmjs.org/ms/-/ms-2.1.2.tgz",
      "integrity": "sha512-sGkPx+VjMtmA6MX27oA4FBFELFCZZ4S4XqeGOXCv68tT+jb3vk/RyaKWP0PTKyWtmLSM0b+adUTEvbs1PEaH2w=="
    },
    "neo-blessed": {
      "version": "0.2.0",
      "resolved": "https://registry.npmjs.org/neo-blessed/-/neo-blessed-0.2.0.tgz",
      "integrity": "sha512-C2kC4K+G2QnNQFXUIxTQvqmrdSIzGTX1ZRKeDW6ChmvPRw8rTkTEJzbEQHiHy06d36PCl/yMOCjquCRV8SpSQw=="
    },
    "telnet": {
      "version": "0.0.1",
      "resolved": "https://registry.npmjs.org/telnet/-/telnet-0.0.1.tgz",
      "integrity": "sha1-2xZEZcVRqZ7nhep/u6WmfPwmxK8=",
      "requires": {
        "binary": "*",
        "buffers": "*",
        "debug": "*"
      }
    },
    "telnet-stream": {
      "version": "1.0.4",
      "resolved": "https://registry.npmjs.org/telnet-stream/-/telnet-stream-1.0.4.tgz",
      "integrity": "sha512-2nYMIPngNDfUFe4H3Qb/DM6CY08YoC34mBQhT+iv+fWlJrjOJUDHRTpmVo876EzKJlpxLI32yKVmjHHdX6TtpA=="
    },
    "telnet2": {
      "version": "0.0.1",
      "resolved": "https://registry.npmjs.org/telnet2/-/telnet2-0.0.1.tgz",
      "integrity": "sha1-Ts+LETwzp+B3CSxik+5CffMzKw0="
    },
    "traverse": {
      "version": "0.3.9",
      "resolved": "https://registry.npmjs.org/traverse/-/traverse-0.3.9.tgz",
      "integrity": "sha1-cXuPIgzAu3tE5AUUwisui7xw2Lk="
    }
  }
}
